{
  "name": "misp-lite",
  "lockfileVersion": 2,
  "requires": true,
  "packages": {
    "": {
      "dependencies": {
        "@vuelidate/core": "^2.0.0-alpha.42",
        "@vuelidate/validators": "^2.0.0-alpha.30",
        "flatpickr": "^4.6.13"
      }
    },
    "node_modules/@vuelidate/core": {
      "version": "2.0.3",
      "resolved": "https://registry.npmjs.org/@vuelidate/core/-/core-2.0.3.tgz",
      "integrity": "sha512-AN6l7KF7+mEfyWG0doT96z+47ljwPpZfi9/JrNMkOGLFv27XVZvKzRLXlmDPQjPl/wOB1GNnHuc54jlCLRNqGA==",
      "dependencies": {
        "vue-demi": "^0.13.11"
      },
      "peerDependencies": {
        "@vue/composition-api": "^1.0.0-rc.1",
        "vue": "^2.0.0 || >=3.0.0"
      },
      "peerDependenciesMeta": {
        "@vue/composition-api": {
          "optional": true
        }
      }
    },
    "node_modules/@vuelidate/validators": {
      "version": "2.0.4",
      "resolved": "https://registry.npmjs.org/@vuelidate/validators/-/validators-2.0.4.tgz",
      "integrity": "sha512-odTxtUZ2JpwwiQ10t0QWYJkkYrfd0SyFYhdHH44QQ1jDatlZgTh/KRzrWVmn/ib9Gq7H4hFD4e8ahoo5YlUlDw==",
      "dependencies": {
        "vue-demi": "^0.13.11"
      },
      "peerDependencies": {
        "@vue/composition-api": "^1.0.0-rc.1",
        "vue": "^2.0.0 || >=3.0.0"
      },
      "peerDependenciesMeta": {
        "@vue/composition-api": {
          "optional": true
        }
      }
    },
    "node_modules/flatpickr": {
      "version": "4.6.13",
      "resolved": "https://registry.npmjs.org/flatpickr/-/flatpickr-4.6.13.tgz",
      "integrity": "sha512-97PMG/aywoYpB4IvbvUJi0RQi8vearvU0oov1WW3k0WZPBMrTQVqekSX5CjSG/M4Q3i6A/0FKXC7RyAoAUUSPw=="
    },
    "node_modules/vue": {
      "version": "2.6.14",
      "resolved": "https://registry.npmjs.org/vue/-/vue-2.6.14.tgz",
      "integrity": "sha512-x2284lgYvjOMj3Za7kqzRcUSxBboHqtgRE2zlos1qWaOye5yUmHn42LB1250NJBLRwEcdrB0JRwyPTEPhfQjiQ==",
      "deprecated": "Vue 2 has reached EOL and is no longer actively maintained. See https://v2.vuejs.org/eol/ for more details.",
      "peer": true
    },
    "node_modules/vue-demi": {
      "version": "0.13.11",
      "resolved": "https://registry.npmjs.org/vue-demi/-/vue-demi-0.13.11.tgz",
      "integrity": "sha512-IR8HoEEGM65YY3ZJYAjMlKygDQn25D5ajNFNoKh9RSDMQtlzCxtfQjdQgv9jjK+m3377SsJXY8ysq8kLCZL25A==",
      "hasInstallScript": true,
      "bin": {
        "vue-demi-fix": "bin/vue-demi-fix.js",
        "vue-demi-switch": "bin/vue-demi-switch.js"
      },
      "engines": {
        "node": ">=12"
      },
      "funding": {
        "url": "https://github.com/sponsors/antfu"
      },
      "peerDependencies": {
        "@vue/composition-api": "^1.0.0-rc.1",
        "vue": "^3.0.0-0 || ^2.6.0"
      },
      "peerDependenciesMeta": {
        "@vue/composition-api": {
          "optional": true
        }
      }
    }
  },
  "dependencies": {
    "@vuelidate/core": {
      "version": "2.0.3",
      "resolved": "https://registry.npmjs.org/@vuelidate/core/-/core-2.0.3.tgz",
      "integrity": "sha512-AN6l7KF7+mEfyWG0doT96z+47ljwPpZfi9/JrNMkOGLFv27XVZvKzRLXlmDPQjPl/wOB1GNnHuc54jlCLRNqGA==",
      "requires": {
        "vue-demi": "^0.13.11"
      }
    },
    "@vuelidate/validators": {
      "version": "2.0.4",
      "resolved": "https://registry.npmjs.org/@vuelidate/validators/-/validators-2.0.4.tgz",
      "integrity": "sha512-odTxtUZ2JpwwiQ10t0QWYJkkYrfd0SyFYhdHH44QQ1jDatlZgTh/KRzrWVmn/ib9Gq7H4hFD4e8ahoo5YlUlDw==",
      "requires": {
        "vue-demi": "^0.13.11"
      }
    },
    "flatpickr": {
      "version": "4.6.13",
      "resolved": "https://registry.npmjs.org/flatpickr/-/flatpickr-4.6.13.tgz",
      "integrity": "sha512-97PMG/aywoYpB4IvbvUJi0RQi8vearvU0oov1WW3k0WZPBMrTQVqekSX5CjSG/M4Q3i6A/0FKXC7RyAoAUUSPw=="
    },
    "vue": {
      "version": "2.6.14",
      "resolved": "https://registry.npmjs.org/vue/-/vue-2.6.14.tgz",
      "integrity": "sha512-x2284lgYvjOMj3Za7kqzRcUSxBboHqtgRE2zlos1qWaOye5yUmHn42LB1250NJBLRwEcdrB0JRwyPTEPhfQjiQ==",
      "peer": true
    },
    "vue-demi": {
      "version": "0.13.11",
      "resolved": "https://registry.npmjs.org/vue-demi/-/vue-demi-0.13.11.tgz",
      "integrity": "sha512-IR8HoEEGM65YY3ZJYAjMlKygDQn25D5ajNFNoKh9RSDMQtlzCxtfQjdQgv9jjK+m3377SsJXY8ysq8kLCZL25A==",
      "requires": {}
    }
  }
}
